
Microsoft Visual Studio Solution File, Format Version 12.00
# Visual Studio 15
VisualStudioVersion = 15.0.27703.2000
MinimumVisualStudioVersion = 10.0.40219.1
Project("{FAE04EC0-301F-11D3-BF4B-00C04F79EFBC}") = "medical Passport Core", "medical Passport Core\medical Passport Core.csproj", "{2E707A55-3EFD-4584-B34B-E93FA71EA9E0}"
EndProject
Global
	GlobalSection(SolutionConfigurationPlatforms) = preSolution
		Debug|Any CPU = Debug|Any CPU
		Release|Any CPU = Release|Any CPU
	EndGlobalSection
	GlobalSection(ProjectConfigurationPlatforms) = postSolution
		{2E707A55-3EFD-4584-B34B-E93FA71EA9E0}.Debug|Any CPU.ActiveCfg = Debug|Any CPU
		{2E707A55-3EFD-4584-B34B-E93FA71EA9E0}.Debug|Any CPU.Build.0 = Debug|Any CPU
		{2E707A55-3EFD-4584-B34B-E93FA71EA9E0}.Release|Any CPU.ActiveCfg = Release|Any CPU
		{2E707A55-3EFD-4584-B34B-E93FA71EA9E0}.Release|Any CPU.Build.0 = Release|Any CPU
	EndGlobalSection
	GlobalSection(SolutionProperties) = preSolution
		HideSolutionNode = FALSE
	EndGlobalSection
	GlobalSection(ExtensibilityGlobals) = postSolution
		SolutionGuid = {CD555911-9B1D-40FF-BE4B-3A2FB0C98E3F}
	EndGlobalSection
EndGlobal
